PODS:
  - Capacitor (6.1.2):
    - CapacitorCordova
  - CapacitorApp (6.0.1):
    - Capacitor
  - CapacitorCordova (6.1.2)
  - CapacitorDialog (6.0.1):
    - Capacitor
  - CapacitorNetwork (6.0.2):
    - Capacitor
  - CapacitorPluginSafeArea (3.0.3):
    - Capacitor
  - CapacitorToast (6.0.2):
    - Capacitor

DEPENDENCIES:
  - "Capacitor (from `../../node_modules/.pnpm/@capacitor+ios@6.1.2_@capacitor+core@6.1.2/node_modules/@capacitor/ios`)"
  - "CapacitorApp (from `../../node_modules/.pnpm/@capacitor+app@6.0.1_@capacitor+core@6.1.2/node_modules/@capacitor/app`)"
  - "CapacitorCordova (from `../../node_modules/.pnpm/@capacitor+ios@6.1.2_@capacitor+core@6.1.2/node_modules/@capacitor/ios`)"
  - "CapacitorDialog (from `../../node_modules/.pnpm/@capacitor+dialog@6.0.1_@capacitor+core@6.1.2/node_modules/@capacitor/dialog`)"
  - "CapacitorNetwork (from `../../node_modules/.pnpm/@capacitor+network@6.0.2_@capacitor+core@6.1.2/node_modules/@capacitor/network`)"
  - "CapacitorPluginSafeArea (from `../../node_modules/.pnpm/capacitor-plugin-safe-area@3.0.3_@capacitor+core@6.1.2/node_modules/capacitor-plugin-safe-area`)"
  - "CapacitorToast (from `../../node_modules/.pnpm/@capacitor+toast@6.0.2_@capacitor+core@6.1.2/node_modules/@capacitor/toast`)"

EXTERNAL SOURCES:
  Capacitor:
    :path: "../../node_modules/.pnpm/@capacitor+ios@6.1.2_@capacitor+core@6.1.2/node_modules/@capacitor/ios"
  CapacitorApp:
    :path: "../../node_modules/.pnpm/@capacitor+app@6.0.1_@capacitor+core@6.1.2/node_modules/@capacitor/app"
  CapacitorCordova:
    :path: "../../node_modules/.pnpm/@capacitor+ios@6.1.2_@capacitor+core@6.1.2/node_modules/@capacitor/ios"
  CapacitorDialog:
    :path: "../../node_modules/.pnpm/@capacitor+dialog@6.0.1_@capacitor+core@6.1.2/node_modules/@capacitor/dialog"
  CapacitorNetwork:
    :path: "../../node_modules/.pnpm/@capacitor+network@6.0.2_@capacitor+core@6.1.2/node_modules/@capacitor/network"
  CapacitorPluginSafeArea:
    :path: "../../node_modules/.pnpm/capacitor-plugin-safe-area@3.0.3_@capacitor+core@6.1.2/node_modules/capacitor-plugin-safe-area"
  CapacitorToast:
    :path: "../../node_modules/.pnpm/@capacitor+toast@6.0.2_@capacitor+core@6.1.2/node_modules/@capacitor/toast"

SPEC CHECKSUMS:
  Capacitor: 679f9673fdf30597493a6362a5d5bf233d46abc2
  CapacitorApp: 0bc633b4eae40a1f32cd2834788fad3bc42da6a1
  CapacitorCordova: f48c89f96c319101cd2f0ce8a2b7449b5fb8b3dd
  CapacitorDialog: ad752191fdb22a8d0ac199b0754b8a021d86dbf9
  CapacitorNetwork: 8796cf1f1104a00b289957b6150b7c60e1c2a8d3
  CapacitorPluginSafeArea: e1eca7f70974f0e270d96f70cd0a5f51523164b1
  CapacitorToast: cfd82cd5afdc3f027ad4a8859f909ae4a327f3c3

PODFILE CHECKSUM: 05486027b54d39b81af3dc80bdd2eb142d4ff956

COCOAPODS: 1.15.2
